
Microsoft Visual Studio Solution File, Format Version 12.00
# Visual Studio 16
Project("{FAE04EC0-301F-11D3-BF4B-00C04F79EFBC}") = "Assembly-CSharp", "Assembly-CSharp.csproj", "{D333B556-B224-EEBA-2BA6-1E02F8074E47}"
EndProject
Project("{FAE04EC0-301F-11D3-BF4B-00C04F79EFBC}") = "Assembly-CSharp-firstpass", "Assembly-CSharp-firstpass.csproj", "{E4F0ECF9-D4F3-EEC0-9E45-13FEAD0091DC}"
EndProject
Project("{FAE04EC0-301F-11D3-BF4B-00C04F79EFBC}") = "Assembly-CSharp-Editor", "Assembly-CSharp-Editor.csproj", "{7E58993F-4B90-5C46-81CB-0AC166B5B5E6}"
EndProject
Global
	GlobalSection(SolutionConfigurationPlatforms) = preSolution
		Debug|Any CPU = Debug|Any CPU
		Release|Any CPU = Release|Any CPU
	EndGlobalSection
	GlobalSection(ProjectConfigurationPlatforms) = postSolution
		{D333B556-B224-EEBA-2BA6-1E02F8074E47}.Debug|Any CPU.ActiveCfg = Debug|Any CPU
		{D333B556-B224-EEBA-2BA6-1E02F8074E47}.Debug|Any CPU.Build.0 = Debug|Any CPU
		{D333B556-B224-EEBA-2BA6-1E02F8074E47}.Release|Any CPU.ActiveCfg = Release|Any CPU
		{D333B556-B224-EEBA-2BA6-1E02F8074E47}.Release|Any CPU.Build.0 = Release|Any CPU
		{E4F0ECF9-D4F3-EEC0-9E45-13FEAD0091DC}.Debug|Any CPU.ActiveCfg = Debug|Any CPU
		{E4F0ECF9-D4F3-EEC0-9E45-13FEAD0091DC}.Debug|Any CPU.Build.0 = Debug|Any CPU
		{E4F0ECF9-D4F3-EEC0-9E45-13FEAD0091DC}.Release|Any CPU.ActiveCfg = Release|Any CPU
		{E4F0ECF9-D4F3-EEC0-9E45-13FEAD0091DC}.Release|Any CPU.Build.0 = Release|Any CPU
		{7E58993F-4B90-5C46-81CB-0AC166B5B5E6}.Debug|Any CPU.ActiveCfg = Debug|Any CPU
		{7E58993F-4B90-5C46-81CB-0AC166B5B5E6}.Debug|Any CPU.Build.0 = Debug|Any CPU
		{7E58993F-4B90-5C46-81CB-0AC166B5B5E6}.Release|Any CPU.ActiveCfg = Release|Any CPU
		{7E58993F-4B90-5C46-81CB-0AC166B5B5E6}.Release|Any CPU.Build.0 = Release|Any CPU
	EndGlobalSection
	GlobalSection(SolutionProperties) = preSolution
		HideSolutionNode = FALSE
	EndGlobalSection
EndGlobal
